{
  "name": "adk_test",
  "lockfileVersion": 3,
  "requires": true,
  "packages": {
    "": {
      "dependencies": {
        "adk": "^0.0.7"
      }
    },
    "node_modules/adk": {
      "version": "0.0.7",
      "resolved": "https://registry.npmjs.org/adk/-/adk-0.0.7.tgz",
      "integrity": "sha512-bieXmu/OKSc/VsardXz4ZDz5bgHPhZXEiCnlFnqipYJM4J8EWn6gg+xzarKBn5VLeASCF+w6rh4FKK7nuSTvyQ==",
      "deprecated": "Package no longer supported. Contact Support at https://www.npmjs.com/support for more info.",
      "license": "MIT"
    }
  }
}
